{
  "requires": true,
  "lockfileVersion": 1,
  "dependencies": {
    "abortcontroller-polyfill": {
      "version": "1.5.0",
      "resolved": "https://registry.npmjs.org/abortcontroller-polyfill/-/abortcontroller-polyfill-1.5.0.tgz",
      "integrity": "sha512-O6Xk757Jb4o0LMzMOMdWvxpHWrQzruYBaUruFaIOfAQRnWFxfdXYobw12jrVHGtoXk6WiiyYzc0QWN9aL62HQA=="
    },
    "event-target-shim": {
      "version": "5.0.1",
      "resolved": "https://registry.npmjs.org/event-target-shim/-/event-target-shim-5.0.1.tgz",
      "integrity": "sha512-i/2XbnSz/uxRCU6+NdVJgKWDTM427+MqYbkQzD321DuCQJUqOuJKIA0IM2+W2xtYHdKOmZ4dR6fExsd4SXL+WQ=="
    },
    "naja": {
      "version": "2.0.1",
      "resolved": "https://registry.npmjs.org/naja/-/naja-2.0.1.tgz",
      "integrity": "sha512-CNku1hOJ3hl2vi0c2wY0kPEojEHsbPjtQp+IblGkXYg/1tGfIC3AXch16nkywH9sX8klLB65s20/YF9vd72EMQ==",
      "requires": {
        "abortcontroller-polyfill": "^1.5.0",
        "event-target-shim": "^5.0.1"
      }
    }
  }
}
